
Microsoft Visual Studio Solution File, Format Version 12.00
# Visual Studio Version 17
VisualStudioVersion = 17.12.35527.113 d17.12
MinimumVisualStudioVersion = 10.0.40219.1
Project("{FAE04EC0-301F-11D3-BF4B-00C04F79EFBC}") = "20250221_task1", "20250221_task1\20250221_task1.csproj", "{81C0C35D-2D57-4410-A611-A8A983BAD149}"
EndProject
Project("{FAE04EC0-301F-11D3-BF4B-00C04F79EFBC}") = "20250221_task2", "20250221_task2\20250221_task2.csproj", "{1A93FCD8-8D7E-41A4-9129-1F954BF49DB1}"
EndProject
Global
	GlobalSection(SolutionConfigurationPlatforms) = preSolution
		Debug|Any CPU = Debug|Any CPU
		Release|Any CPU = Release|Any CPU
	EndGlobalSection
	GlobalSection(ProjectConfigurationPlatforms) = postSolution
		{81C0C35D-2D57-4410-A611-A8A983BAD149}.Debug|Any CPU.ActiveCfg = Debug|Any CPU
		{81C0C35D-2D57-4410-A611-A8A983BAD149}.Debug|Any CPU.Build.0 = Debug|Any CPU
		{81C0C35D-2D57-4410-A611-A8A983BAD149}.Release|Any CPU.ActiveCfg = Release|Any CPU
		{81C0C35D-2D57-4410-A611-A8A983BAD149}.Release|Any CPU.Build.0 = Release|Any CPU
		{1A93FCD8-8D7E-41A4-9129-1F954BF49DB1}.Debug|Any CPU.ActiveCfg = Debug|Any CPU
		{1A93FCD8-8D7E-41A4-9129-1F954BF49DB1}.Debug|Any CPU.Build.0 = Debug|Any CPU
		{1A93FCD8-8D7E-41A4-9129-1F954BF49DB1}.Release|Any CPU.ActiveCfg = Release|Any CPU
		{1A93FCD8-8D7E-41A4-9129-1F954BF49DB1}.Release|Any CPU.Build.0 = Release|Any CPU
	EndGlobalSection
	GlobalSection(SolutionProperties) = preSolution
		HideSolutionNode = FALSE
	EndGlobalSection
EndGlobal
